
Microsoft Visual Studio Solution File, Format Version 12.00
# Visual Studio Version 18
VisualStudioVersion = 18.2.11415.280 d18.0
MinimumVisualStudioVersion = 10.0.40219.1
Project("{FAE04EC0-301F-11D3-BF4B-00C04F79EFBC}") = "WebTinTuc", "WebTinTuc\WebTinTuc.csproj", "{9BBE9E67-DE9D-4884-BFA2-569DEDDC6F55}"
EndProject
Global
	GlobalSection(SolutionConfigurationPlatforms) = preSolution
		Debug|Any CPU = Debug|Any CPU
		Release|Any CPU = Release|Any CPU
	EndGlobalSection
	GlobalSection(ProjectConfigurationPlatforms) = postSolution
		{9BBE9E67-DE9D-4884-BFA2-569DEDDC6F55}.Debug|Any CPU.ActiveCfg = Debug|Any CPU
		{9BBE9E67-DE9D-4884-BFA2-569DEDDC6F55}.Debug|Any CPU.Build.0 = Debug|Any CPU
		{9BBE9E67-DE9D-4884-BFA2-569DEDDC6F55}.Release|Any CPU.ActiveCfg = Release|Any CPU
		{9BBE9E67-DE9D-4884-BFA2-569DEDDC6F55}.Release|Any CPU.Build.0 = Release|Any CPU
	EndGlobalSection
	GlobalSection(SolutionProperties) = preSolution
		HideSolutionNode = FALSE
	EndGlobalSection
	GlobalSection(ExtensibilityGlobals) = postSolution
		SolutionGuid = {1E4F175C-6981-433C-A57F-38FC02DE180C}
	EndGlobalSection
EndGlobal
